
Microsoft Visual Studio Solution File, Format Version 12.00
# Visual Studio Version 17
VisualStudioVersion = 17.5.33502.453
MinimumVisualStudioVersion = 10.0.40219.1
Project("{FAE04EC0-301F-11D3-BF4B-00C04F79EFBC}") = "API", "API\API.csproj", "{9EBC6C14-2DF3-44CB-911D-8982E269D9E2}"
EndProject
Global
	GlobalSection(SolutionConfigurationPlatforms) = preSolution
		Debug|Any CPU = Debug|Any CPU
		Release|Any CPU = Release|Any CPU
	EndGlobalSection
	GlobalSection(ProjectConfigurationPlatforms) = postSolution
		{9EBC6C14-2DF3-44CB-911D-8982E269D9E2}.Debug|Any CPU.ActiveCfg = Debug|Any CPU
		{9EBC6C14-2DF3-44CB-911D-8982E269D9E2}.Debug|Any CPU.Build.0 = Debug|Any CPU
		{9EBC6C14-2DF3-44CB-911D-8982E269D9E2}.Release|Any CPU.ActiveCfg = Release|Any CPU
		{9EBC6C14-2DF3-44CB-911D-8982E269D9E2}.Release|Any CPU.Build.0 = Release|Any CPU
	EndGlobalSection
	GlobalSection(SolutionProperties) = preSolution
		HideSolutionNode = FALSE
	EndGlobalSection
	GlobalSection(ExtensibilityGlobals) = postSolution
		SolutionGuid = {4758B2B4-0B0C-4FEA-A530-A438833C6862}
	EndGlobalSection
EndGlobal
